
Microsoft Visual Studio Solution File, Format Version 12.00
# Visual Studio Version 17
VisualStudioVersion = 17.3.32825.248
MinimumVisualStudioVersion = 10.0.40219.1
Project("{9A19103F-16F7-4668-BE54-9A1E7A4F7556}") = "AoC_Toolbox", "AoC_Toolbox\AoC_Toolbox.csproj", "{794D8832-7D55-4C14-AC8B-21138FB9EDDD}"
EndProject
Project("{9A19103F-16F7-4668-BE54-9A1E7A4F7556}") = "AoC_2023.Day1", "AoC_2023.Day1\AoC_2023.Day1.csproj", "{EE4E7365-695F-4E22-A91C-1ADBB540A0C6}"
EndProject
Project("{9A19103F-16F7-4668-BE54-9A1E7A4F7556}") = "AoC_2023.Day2", "AoC_2023.Day2\AoC_2023.Day2.csproj", "{2F71AE87-5BD2-46BC-A391-AA5546BA3280}"
EndProject
Project("{9A19103F-16F7-4668-BE54-9A1E7A4F7556}") = "AoC_2023.Day3", "AoC_2023.Day3\AoC_2023.Day3.csproj", "{9AA700D5-315C-406D-81E3-53A58AA3693F}"
EndProject
Project("{9A19103F-16F7-4668-BE54-9A1E7A4F7556}") = "AoC_2023.Day4", "AoC_2023.Day4\AoC_2023.Day4.csproj", "{CAC65ED3-C1BA-4C98-BB6D-96CDCD1EFFD1}"
EndProject
Project("{2150E333-8FDC-42A3-9474-1A3956D46DE8}") = "Projektmappenelemente", "Projektmappenelemente", "{F828705F-E7E2-490D-BEB9-21D188B32DE9}"
	ProjectSection(SolutionItems) = preProject
		README.md = README.md
	EndProjectSection
EndProject
Project("{9A19103F-16F7-4668-BE54-9A1E7A4F7556}") = "AoC_2023.Day5", "AoC_2023.Day5\AoC_2023.Day5.csproj", "{C2F62526-07CC-44FA-BF62-1AF7A2F3B06C}"
EndProject
Project("{9A19103F-16F7-4668-BE54-9A1E7A4F7556}") = "AoC_2023.Day6", "AoC_2023.Day6\AoC_2023.Day6.csproj", "{93D60184-8B18-47D6-B409-BF143A24FDD4}"
EndProject
Project("{9A19103F-16F7-4668-BE54-9A1E7A4F7556}") = "AoC_2023.Day7", "AoC_2023.Day7\AoC_2023.Day7.csproj", "{B7300B03-9C47-447C-92EC-04EE10EC7F47}"
EndProject
Project("{9A19103F-16F7-4668-BE54-9A1E7A4F7556}") = "AoC_2023.Day8", "AoC_2023.Day8\AoC_2023.Day8.csproj", "{3FB06282-960D-4CD8-9383-8DA4AFB8CC5D}"
EndProject
Project("{FAE04EC0-301F-11D3-BF4B-00C04F79EFBC}") = "AoC_2023.Day9", "AoC_2023.Day9\AoC_2023.Day9.csproj", "{DD6FFD97-AE61-4A55-BD7E-C6EB8AB43BB2}"
EndProject
Project("{FAE04EC0-301F-11D3-BF4B-00C04F79EFBC}") = "AoC_Toolbox.Test", "AoC_Toolbox.Test\AoC_Toolbox.Test.csproj", "{B1E2864C-241D-481B-8AD6-CCAEF2228E7A}"
EndProject
Project("{FAE04EC0-301F-11D3-BF4B-00C04F79EFBC}") = "AoC_2023.Day10", "AoC_2023.Day10\AoC_2023.Day10.csproj", "{D5DBCEEC-7A4B-4A06-A6CF-D7BF5E65FCF5}"
EndProject
Project("{FAE04EC0-301F-11D3-BF4B-00C04F79EFBC}") = "AoC_2023.Day12", "AoC_2023.Day12\AoC_2023.Day12.csproj", "{D854AFE3-C1D9-4F16-928C-F4399D0F4418}"
EndProject
Global
	GlobalSection(SolutionConfigurationPlatforms) = preSolution
		Debug|Any CPU = Debug|Any CPU
		Release|Any CPU = Release|Any CPU
	EndGlobalSection
	GlobalSection(ProjectConfigurationPlatforms) = postSolution
		{794D8832-7D55-4C14-AC8B-21138FB9EDDD}.Debug|Any CPU.ActiveCfg = Debug|Any CPU
		{794D8832-7D55-4C14-AC8B-21138FB9EDDD}.Debug|Any CPU.Build.0 = Debug|Any CPU
		{794D8832-7D55-4C14-AC8B-21138FB9EDDD}.Release|Any CPU.ActiveCfg = Release|Any CPU
		{794D8832-7D55-4C14-AC8B-21138FB9EDDD}.Release|Any CPU.Build.0 = Release|Any CPU
		{EE4E7365-695F-4E22-A91C-1ADBB540A0C6}.Debug|Any CPU.ActiveCfg = Debug|Any CPU
		{EE4E7365-695F-4E22-A91C-1ADBB540A0C6}.Debug|Any CPU.Build.0 = Debug|Any CPU
		{EE4E7365-695F-4E22-A91C-1ADBB540A0C6}.Release|Any CPU.ActiveCfg = Release|Any CPU
		{EE4E7365-695F-4E22-A91C-1ADBB540A0C6}.Release|Any CPU.Build.0 = Release|Any CPU
		{2F71AE87-5BD2-46BC-A391-AA5546BA3280}.Debug|Any CPU.ActiveCfg = Debug|Any CPU
		{2F71AE87-5BD2-46BC-A391-AA5546BA3280}.Debug|Any CPU.Build.0 = Debug|Any CPU
		{2F71AE87-5BD2-46BC-A391-AA5546BA3280}.Release|Any CPU.ActiveCfg = Release|Any CPU
		{2F71AE87-5BD2-46BC-A391-AA5546BA3280}.Release|Any CPU.Build.0 = Release|Any CPU
		{9AA700D5-315C-406D-81E3-53A58AA3693F}.Debug|Any CPU.ActiveCfg = Debug|Any CPU
		{9AA700D5-315C-406D-81E3-53A58AA3693F}.Debug|Any CPU.Build.0 = Debug|Any CPU
		{9AA700D5-315C-406D-81E3-53A58AA3693F}.Release|Any CPU.ActiveCfg = Release|Any CPU
		{9AA700D5-315C-406D-81E3-53A58AA3693F}.Release|Any CPU.Build.0 = Release|Any CPU
		{CAC65ED3-C1BA-4C98-BB6D-96CDCD1EFFD1}.Debug|Any CPU.ActiveCfg = Debug|Any CPU
		{CAC65ED3-C1BA-4C98-BB6D-96CDCD1EFFD1}.Debug|Any CPU.Build.0 = Debug|Any CPU
		{CAC65ED3-C1BA-4C98-BB6D-96CDCD1EFFD1}.Release|Any CPU.ActiveCfg = Release|Any CPU
		{CAC65ED3-C1BA-4C98-BB6D-96CDCD1EFFD1}.Release|Any CPU.Build.0 = Release|Any CPU
		{C2F62526-07CC-44FA-BF62-1AF7A2F3B06C}.Debug|Any CPU.ActiveCfg = Debug|Any CPU
		{C2F62526-07CC-44FA-BF62-1AF7A2F3B06C}.Debug|Any CPU.Build.0 = Debug|Any CPU
		{C2F62526-07CC-44FA-BF62-1AF7A2F3B06C}.Release|Any CPU.ActiveCfg = Release|Any CPU
		{C2F62526-07CC-44FA-BF62-1AF7A2F3B06C}.Release|Any CPU.Build.0 = Release|Any CPU
		{93D60184-8B18-47D6-B409-BF143A24FDD4}.Debug|Any CPU.ActiveCfg = Debug|Any CPU
		{93D60184-8B18-47D6-B409-BF143A24FDD4}.Debug|Any CPU.Build.0 = Debug|Any CPU
		{93D60184-8B18-47D6-B409-BF143A24FDD4}.Release|Any CPU.ActiveCfg = Release|Any CPU
		{93D60184-8B18-47D6-B409-BF143A24FDD4}.Release|Any CPU.Build.0 = Release|Any CPU
		{B7300B03-9C47-447C-92EC-04EE10EC7F47}.Debug|Any CPU.ActiveCfg = Debug|Any CPU
		{B7300B03-9C47-447C-92EC-04EE10EC7F47}.Debug|Any CPU.Build.0 = Debug|Any CPU
		{B7300B03-9C47-447C-92EC-04EE10EC7F47}.Release|Any CPU.ActiveCfg = Release|Any CPU
		{B7300B03-9C47-447C-92EC-04EE10EC7F47}.Release|Any CPU.Build.0 = Release|Any CPU
		{3FB06282-960D-4CD8-9383-8DA4AFB8CC5D}.Debug|Any CPU.ActiveCfg = Debug|Any CPU
		{3FB06282-960D-4CD8-9383-8DA4AFB8CC5D}.Debug|Any CPU.Build.0 = Debug|Any CPU
		{3FB06282-960D-4CD8-9383-8DA4AFB8CC5D}.Release|Any CPU.ActiveCfg = Release|Any CPU
		{3FB06282-960D-4CD8-9383-8DA4AFB8CC5D}.Release|Any CPU.Build.0 = Release|Any CPU
		{DD6FFD97-AE61-4A55-BD7E-C6EB8AB43BB2}.Debug|Any CPU.ActiveCfg = Debug|Any CPU
		{DD6FFD97-AE61-4A55-BD7E-C6EB8AB43BB2}.Debug|Any CPU.Build.0 = Debug|Any CPU
		{DD6FFD97-AE61-4A55-BD7E-C6EB8AB43BB2}.Release|Any CPU.ActiveCfg = Release|Any CPU
		{DD6FFD97-AE61-4A55-BD7E-C6EB8AB43BB2}.Release|Any CPU.Build.0 = Release|Any CPU
		{B1E2864C-241D-481B-8AD6-CCAEF2228E7A}.Debug|Any CPU.ActiveCfg = Debug|Any CPU
		{B1E2864C-241D-481B-8AD6-CCAEF2228E7A}.Debug|Any CPU.Build.0 = Debug|Any CPU
		{B1E2864C-241D-481B-8AD6-CCAEF2228E7A}.Release|Any CPU.ActiveCfg = Release|Any CPU
		{B1E2864C-241D-481B-8AD6-CCAEF2228E7A}.Release|Any CPU.Build.0 = Release|Any CPU
		{D5DBCEEC-7A4B-4A06-A6CF-D7BF5E65FCF5}.Debug|Any CPU.ActiveCfg = Debug|Any CPU
		{D5DBCEEC-7A4B-4A06-A6CF-D7BF5E65FCF5}.Debug|Any CPU.Build.0 = Debug|Any CPU
		{D5DBCEEC-7A4B-4A06-A6CF-D7BF5E65FCF5}.Release|Any CPU.ActiveCfg = Release|Any CPU
		{D5DBCEEC-7A4B-4A06-A6CF-D7BF5E65FCF5}.Release|Any CPU.Build.0 = Release|Any CPU
		{D854AFE3-C1D9-4F16-928C-F4399D0F4418}.Debug|Any CPU.ActiveCfg = Debug|Any CPU
		{D854AFE3-C1D9-4F16-928C-F4399D0F4418}.Debug|Any CPU.Build.0 = Debug|Any CPU
		{D854AFE3-C1D9-4F16-928C-F4399D0F4418}.Release|Any CPU.ActiveCfg = Release|Any CPU
		{D854AFE3-C1D9-4F16-928C-F4399D0F4418}.Release|Any CPU.Build.0 = Release|Any CPU
	EndGlobalSection
	GlobalSection(SolutionProperties) = preSolution
		HideSolutionNode = FALSE
	EndGlobalSection
	GlobalSection(ExtensibilityGlobals) = postSolution
		SolutionGuid = {0A3352EC-0875-449F-8514-05F79E926F29}
	EndGlobalSection
EndGlobal
