
Microsoft Visual Studio Solution File, Format Version 12.00
# Visual Studio Version 17
VisualStudioVersion = 17.3.32825.248
MinimumVisualStudioVersion = 10.0.40219.1
Project("{9A19103F-16F7-4668-BE54-9A1E7A4F7556}") = "AoC_Toolbox", "AoC_Toolbox\AoC_Toolbox.csproj", "{794D8832-7D55-4C14-AC8B-21138FB9EDDD}"
EndProject
Project("{9A19103F-16F7-4668-BE54-9A1E7A4F7556}") = "AoC_2023.Day1", "AoC_2023.Day1\AoC_2023.Day1.csproj", "{EE4E7365-695F-4E22-A91C-1ADBB540A0C6}"
EndProject
Project("{FAE04EC0-301F-11D3-BF4B-00C04F79EFBC}") = "AoC_2023.Day2", "AoC_2023.Day2\AoC_2023.Day2.csproj", "{2F71AE87-5BD2-46BC-A391-AA5546BA3280}"
EndProject
Project("{FAE04EC0-301F-11D3-BF4B-00C04F79EFBC}") = "AoC_2023.Day3", "AoC_2023.Day3\AoC_2023.Day3.csproj", "{9AA700D5-315C-406D-81E3-53A58AA3693F}"
EndProject
Global
	GlobalSection(SolutionConfigurationPlatforms) = preSolution
		Debug|Any CPU = Debug|Any CPU
		Release|Any CPU = Release|Any CPU
	EndGlobalSection
	GlobalSection(ProjectConfigurationPlatforms) = postSolution
		{794D8832-7D55-4C14-AC8B-21138FB9EDDD}.Debug|Any CPU.ActiveCfg = Debug|Any CPU
		{794D8832-7D55-4C14-AC8B-21138FB9EDDD}.Debug|Any CPU.Build.0 = Debug|Any CPU
		{794D8832-7D55-4C14-AC8B-21138FB9EDDD}.Release|Any CPU.ActiveCfg = Release|Any CPU
		{794D8832-7D55-4C14-AC8B-21138FB9EDDD}.Release|Any CPU.Build.0 = Release|Any CPU
		{EE4E7365-695F-4E22-A91C-1ADBB540A0C6}.Debug|Any CPU.ActiveCfg = Debug|Any CPU
		{EE4E7365-695F-4E22-A91C-1ADBB540A0C6}.Debug|Any CPU.Build.0 = Debug|Any CPU
		{EE4E7365-695F-4E22-A91C-1ADBB540A0C6}.Release|Any CPU.ActiveCfg = Release|Any CPU
		{EE4E7365-695F-4E22-A91C-1ADBB540A0C6}.Release|Any CPU.Build.0 = Release|Any CPU
		{2F71AE87-5BD2-46BC-A391-AA5546BA3280}.Debug|Any CPU.ActiveCfg = Debug|Any CPU
		{2F71AE87-5BD2-46BC-A391-AA5546BA3280}.Debug|Any CPU.Build.0 = Debug|Any CPU
		{2F71AE87-5BD2-46BC-A391-AA5546BA3280}.Release|Any CPU.ActiveCfg = Release|Any CPU
		{2F71AE87-5BD2-46BC-A391-AA5546BA3280}.Release|Any CPU.Build.0 = Release|Any CPU
		{9AA700D5-315C-406D-81E3-53A58AA3693F}.Debug|Any CPU.ActiveCfg = Debug|Any CPU
		{9AA700D5-315C-406D-81E3-53A58AA3693F}.Debug|Any CPU.Build.0 = Debug|Any CPU
		{9AA700D5-315C-406D-81E3-53A58AA3693F}.Release|Any CPU.ActiveCfg = Release|Any CPU
		{9AA700D5-315C-406D-81E3-53A58AA3693F}.Release|Any CPU.Build.0 = Release|Any CPU
	EndGlobalSection
	GlobalSection(SolutionProperties) = preSolution
		HideSolutionNode = FALSE
	EndGlobalSection
	GlobalSection(ExtensibilityGlobals) = postSolution
		SolutionGuid = {0A3352EC-0875-449F-8514-05F79E926F29}
	EndGlobalSection
EndGlobal
